
Microsoft Visual Studio Solution File, Format Version 12.00
Project("{FAE04EC0-301F-11D3-BF4B-00C04F79EFBC}") = "Budget", "Budget\Budget.csproj", "{35F2AAEE-B0EF-4EE2-9676-2B9002EB6996}"
EndProject
Project("{2150E333-8FDC-42A3-9474-1A3956D46DE8}") = "Tests", "Tests", "{EF35B6D0-3C96-4658-9323-317DEEFE42D6}"
EndProject
Project("{FAE04EC0-301F-11D3-BF4B-00C04F79EFBC}") = "Budget.Domain.Tests", "Tests\Budget.Domain.Tests\Budget.Domain.Tests.csproj", "{CE0DE347-3EBD-4141-A517-9E08E2865BB1}"
EndProject
Global
	GlobalSection(SolutionConfigurationPlatforms) = preSolution
		Debug|Any CPU = Debug|Any CPU
		Release|Any CPU = Release|Any CPU
	EndGlobalSection
	GlobalSection(ProjectConfigurationPlatforms) = postSolution
		{35F2AAEE-B0EF-4EE2-9676-2B9002EB6996}.Debug|Any CPU.ActiveCfg = Debug|Any CPU
		{35F2AAEE-B0EF-4EE2-9676-2B9002EB6996}.Debug|Any CPU.Build.0 = Debug|Any CPU
		{35F2AAEE-B0EF-4EE2-9676-2B9002EB6996}.Release|Any CPU.ActiveCfg = Release|Any CPU
		{35F2AAEE-B0EF-4EE2-9676-2B9002EB6996}.Release|Any CPU.Build.0 = Release|Any CPU
		{CE0DE347-3EBD-4141-A517-9E08E2865BB1}.Debug|Any CPU.ActiveCfg = Debug|Any CPU
		{CE0DE347-3EBD-4141-A517-9E08E2865BB1}.Debug|Any CPU.Build.0 = Debug|Any CPU
		{CE0DE347-3EBD-4141-A517-9E08E2865BB1}.Release|Any CPU.ActiveCfg = Release|Any CPU
		{CE0DE347-3EBD-4141-A517-9E08E2865BB1}.Release|Any CPU.Build.0 = Release|Any CPU
	EndGlobalSection
	GlobalSection(NestedProjects) = preSolution
		{CE0DE347-3EBD-4141-A517-9E08E2865BB1} = {EF35B6D0-3C96-4658-9323-317DEEFE42D6}
	EndGlobalSection
EndGlobal
